
Microsoft Visual Studio Solution File, Format Version 12.00
# Visual Studio Version 16
VisualStudioVersion = 16.0.31613.86
MinimumVisualStudioVersion = 10.0.40219.1
Project("{FAE04EC0-301F-11D3-BF4B-00C04F79EFBC}") = "WebApi_CRUD", "WebApi_CRUD\WebApi_CRUD.csproj", "{6A015582-AD5B-42B0-9D7C-E897A52BCEDE}"
EndProject
Global
	GlobalSection(SolutionConfigurationPlatforms) = preSolution
		Debug|Any CPU = Debug|Any CPU
		Release|Any CPU = Release|Any CPU
	EndGlobalSection
	GlobalSection(ProjectConfigurationPlatforms) = postSolution
		{6A015582-AD5B-42B0-9D7C-E897A52BCEDE}.Debug|Any CPU.ActiveCfg = Debug|Any CPU
		{6A015582-AD5B-42B0-9D7C-E897A52BCEDE}.Debug|Any CPU.Build.0 = Debug|Any CPU
		{6A015582-AD5B-42B0-9D7C-E897A52BCEDE}.Release|Any CPU.ActiveCfg = Release|Any CPU
		{6A015582-AD5B-42B0-9D7C-E897A52BCEDE}.Release|Any CPU.Build.0 = Release|Any CPU
	EndGlobalSection
	GlobalSection(SolutionProperties) = preSolution
		HideSolutionNode = FALSE
	EndGlobalSection
	GlobalSection(ExtensibilityGlobals) = postSolution
		SolutionGuid = {EBD41F05-6540-46F9-AC67-5915342518A9}
	EndGlobalSection
EndGlobal
